
Microsoft Visual Studio Solution File, Format Version 12.00
# Visual Studio 15
VisualStudioVersion = 15.0.27004.2002
MinimumVisualStudioVersion = 10.0.40219.1
Project("{FAE04EC0-301F-11D3-BF4B-00C04F79EFBC}") = "WifiP2P.Android", "WifiP2P\WifiP2P.Android\WifiP2P.Android.csproj", "{FCAD588B-A0B8-4215-AE41-430989A998DB}"
EndProject
Project("{FAE04EC0-301F-11D3-BF4B-00C04F79EFBC}") = "WifiP2P", "WifiP2P\WifiP2P\WifiP2P.csproj", "{02E8FE70-34B1-4258-8F5C-4F01F5DCAF9F}"
EndProject
Project("{FAE04EC0-301F-11D3-BF4B-00C04F79EFBC}") = "WifiP2P.UWP", "WifiP2P\WifiP2P.UWP\WifiP2P.UWP.csproj", "{45A87176-7EDD-4AE6-BD6E-A8A5F5CDD900}"
EndProject
Project("{FAE04EC0-301F-11D3-BF4B-00C04F79EFBC}") = "WifiP2P.iOS", "WifiP2P\WifiP2P.iOS\WifiP2P.iOS.csproj", "{002A6519-0B76-4E9B-BDFC-21E05AB78C51}"
EndProject
Global
	GlobalSection(SolutionConfigurationPlatforms) = preSolution
		Ad-Hoc|Any CPU = Ad-Hoc|Any CPU
		Ad-Hoc|ARM = Ad-Hoc|ARM
		Ad-Hoc|iPhone = Ad-Hoc|iPhone
		Ad-Hoc|iPhoneSimulator = Ad-Hoc|iPhoneSimulator
		Ad-Hoc|x64 = Ad-Hoc|x64
		Ad-Hoc|x86 = Ad-Hoc|x86
		AppStore|Any CPU = AppStore|Any CPU
		AppStore|ARM = AppStore|ARM
		AppStore|iPhone = AppStore|iPhone
		AppStore|iPhoneSimulator = AppStore|iPhoneSimulator
		AppStore|x64 = AppStore|x64
		AppStore|x86 = AppStore|x86
		Debug|Any CPU = Debug|Any CPU
		Debug|ARM = Debug|ARM
		Debug|iPhone = Debug|iPhone
		Debug|iPhoneSimulator = Debug|iPhoneSimulator
		Debug|x64 = Debug|x64
		Debug|x86 = Debug|x86
		Release|Any CPU = Release|Any CPU
		Release|ARM = Release|ARM
		Release|iPhone = Release|iPhone
		Release|iPhoneSimulator = Release|iPhoneSimulator
		Release|x64 = Release|x64
		Release|x86 = Release|x86
	EndGlobalSection
	GlobalSection(ProjectConfigurationPlatforms) = postSolution
		{FCAD588B-A0B8-4215-AE41-430989A998DB}.Ad-Hoc|Any CPU.ActiveCfg = Release|Any CPU
		{FCAD588B-A0B8-4215-AE41-430989A998DB}.Ad-Hoc|Any CPU.Build.0 = Release|Any CPU
		{FCAD588B-A0B8-4215-AE41-430989A998DB}.Ad-Hoc|Any CPU.Deploy.0 = Release|Any CPU
		{FCAD588B-A0B8-4215-AE41-430989A998DB}.Ad-Hoc|ARM.ActiveCfg = Release|Any CPU
		{FCAD588B-A0B8-4215-AE41-430989A998DB}.Ad-Hoc|ARM.Build.0 = Release|Any CPU
		{FCAD588B-A0B8-4215-AE41-430989A998DB}.Ad-Hoc|ARM.Deploy.0 = Release|Any CPU
		{FCAD588B-A0B8-4215-AE41-430989A998DB}.Ad-Hoc|iPhone.ActiveCfg = Release|Any CPU
		{FCAD588B-A0B8-4215-AE41-430989A998DB}.Ad-Hoc|iPhone.Build.0 = Release|Any CPU
		{FCAD588B-A0B8-4215-AE41-430989A998DB}.Ad-Hoc|iPhone.Deploy.0 = Release|Any CPU
		{FCAD588B-A0B8-4215-AE41-430989A998DB}.Ad-Hoc|iPhoneSimulator.ActiveCfg = Release|Any CPU
		{FCAD588B-A0B8-4215-AE41-430989A998DB}.Ad-Hoc|iPhoneSimulator.Build.0 = Release|Any CPU
		{FCAD588B-A0B8-4215-AE41-430989A998DB}.Ad-Hoc|iPhoneSimulator.Deploy.0 = Release|Any CPU
		{FCAD588B-A0B8-4215-AE41-430989A998DB}.Ad-Hoc|x64.ActiveCfg = Release|Any CPU
		{FCAD588B-A0B8-4215-AE41-430989A998DB}.Ad-Hoc|x64.Build.0 = Release|Any CPU
		{FCAD588B-A0B8-4215-AE41-430989A998DB}.Ad-Hoc|x64.Deploy.0 = Release|Any CPU
		{FCAD588B-A0B8-4215-AE41-430989A998DB}.Ad-Hoc|x86.ActiveCfg = Release|Any CPU
		{FCAD588B-A0B8-4215-AE41-430989A998DB}.Ad-Hoc|x86.Build.0 = Release|Any CPU
		{FCAD588B-A0B8-4215-AE41-430989A998DB}.Ad-Hoc|x86.Deploy.0 = Release|Any CPU
		{FCAD588B-A0B8-4215-AE41-430989A998DB}.AppStore|Any CPU.ActiveCfg = Release|Any CPU
		{FCAD588B-A0B8-4215-AE41-430989A998DB}.AppStore|Any CPU.Build.0 = Release|Any CPU
		{FCAD588B-A0B8-4215-AE41-430989A998DB}.AppStore|Any CPU.Deploy.0 = Release|Any CPU
		{FCAD588B-A0B8-4215-AE41-430989A998DB}.AppStore|ARM.ActiveCfg = Release|Any CPU
		{FCAD588B-A0B8-4215-AE41-430989A998DB}.AppStore|ARM.Build.0 = Release|Any CPU
		{FCAD588B-A0B8-4215-AE41-430989A998DB}.AppStore|ARM.Deploy.0 = Release|Any CPU
		{FCAD588B-A0B8-4215-AE41-430989A998DB}.AppStore|iPhone.ActiveCfg = Release|Any CPU
		{FCAD588B-A0B8-4215-AE41-430989A998DB}.AppStore|iPhone.Build.0 = Release|Any CPU
		{FCAD588B-A0B8-4215-AE41-430989A998DB}.AppStore|iPhone.Deploy.0 = Release|Any CPU
		{FCAD588B-A0B8-4215-AE41-430989A998DB}.AppStore|iPhoneSimulator.ActiveCfg = Release|Any CPU
		{FCAD588B-A0B8-4215-AE41-430989A998DB}.AppStore|iPhoneSimulator.Build.0 = Release|Any CPU
		{FCAD588B-A0B8-4215-AE41-430989A998DB}.AppStore|iPhoneSimulator.Deploy.0 = Release|Any CPU
		{FCAD588B-A0B8-4215-AE41-430989A998DB}.AppStore|x64.ActiveCfg = Release|Any CPU
		{FCAD588B-A0B8-4215-AE41-430989A998DB}.AppStore|x64.Build.0 = Release|Any CPU
		{FCAD588B-A0B8-4215-AE41-430989A998DB}.AppStore|x64.Deploy.0 = Release|Any CPU
		{FCAD588B-A0B8-4215-AE41-430989A998DB}.AppStore|x86.ActiveCfg = Release|Any CPU
		{FCAD588B-A0B8-4215-AE41-430989A998DB}.AppStore|x86.Build.0 = Release|Any CPU
		{FCAD588B-A0B8-4215-AE41-430989A998DB}.AppStore|x86.Deploy.0 = Release|Any CPU
		{FCAD588B-A0B8-4215-AE41-430989A998DB}.Debug|Any CPU.ActiveCfg = Debug|Any CPU
		{FCAD588B-A0B8-4215-AE41-430989A998DB}.Debug|Any CPU.Build.0 = Debug|Any CPU
		{FCAD588B-A0B8-4215-AE41-430989A998DB}.Debug|Any CPU.Deploy.0 = Debug|Any CPU
		{FCAD588B-A0B8-4215-AE41-430989A998DB}.Debug|ARM.ActiveCfg = Debug|Any CPU
		{FCAD588B-A0B8-4215-AE41-430989A998DB}.Debug|ARM.Build.0 = Debug|Any CPU
		{FCAD588B-A0B8-4215-AE41-430989A998DB}.Debug|ARM.Deploy.0 = Debug|Any CPU
		{FCAD588B-A0B8-4215-AE41-430989A998DB}.Debug|iPhone.ActiveCfg = Debug|Any CPU
		{FCAD588B-A0B8-4215-AE41-430989A998DB}.Debug|iPhone.Build.0 = Debug|Any CPU
		{FCAD588B-A0B8-4215-AE41-430989A998DB}.Debug|iPhone.Deploy.0 = Debug|Any CPU
		{FCAD588B-A0B8-4215-AE41-430989A998DB}.Debug|iPhoneSimulator.ActiveCfg = Debug|Any CPU
		{FCAD588B-A0B8-4215-AE41-430989A998DB}.Debug|iPhoneSimulator.Build.0 = Debug|Any CPU
		{FCAD588B-A0B8-4215-AE41-430989A998DB}.Debug|iPhoneSimulator.Deploy.0 = Debug|Any CPU
		{FCAD588B-A0B8-4215-AE41-430989A998DB}.Debug|x64.ActiveCfg = Debug|Any CPU
		{FCAD588B-A0B8-4215-AE41-430989A998DB}.Debug|x64.Build.0 = Debug|Any CPU
		{FCAD588B-A0B8-4215-AE41-430989A998DB}.Debug|x64.Deploy.0 = Debug|Any CPU
		{FCAD588B-A0B8-4215-AE41-430989A998DB}.Debug|x86.ActiveCfg = Debug|Any CPU
		{FCAD588B-A0B8-4215-AE41-430989A998DB}.Debug|x86.Build.0 = Debug|Any CPU
		{FCAD588B-A0B8-4215-AE41-430989A998DB}.Debug|x86.Deploy.0 = Debug|Any CPU
		{FCAD588B-A0B8-4215-AE41-430989A998DB}.Release|Any CPU.ActiveCfg = Release|Any CPU
		{FCAD588B-A0B8-4215-AE41-430989A998DB}.Release|Any CPU.Build.0 = Release|Any CPU
		{FCAD588B-A0B8-4215-AE41-430989A998DB}.Release|Any CPU.Deploy.0 = Release|Any CPU
		{FCAD588B-A0B8-4215-AE41-430989A998DB}.Release|ARM.ActiveCfg = Release|Any CPU
		{FCAD588B-A0B8-4215-AE41-430989A998DB}.Release|ARM.Build.0 = Release|Any CPU
		{FCAD588B-A0B8-4215-AE41-430989A998DB}.Release|ARM.Deploy.0 = Release|Any CPU
		{FCAD588B-A0B8-4215-AE41-430989A998DB}.Release|iPhone.ActiveCfg = Release|Any CPU
		{FCAD588B-A0B8-4215-AE41-430989A998DB}.Release|iPhone.Build.0 = Release|Any CPU
		{FCAD588B-A0B8-4215-AE41-430989A998DB}.Release|iPhone.Deploy.0 = Release|Any CPU
		{FCAD588B-A0B8-4215-AE41-430989A998DB}.Release|iPhoneSimulator.ActiveCfg = Release|Any CPU
		{FCAD588B-A0B8-4215-AE41-430989A998DB}.Release|iPhoneSimulator.Build.0 = Release|Any CPU
		{FCAD588B-A0B8-4215-AE41-430989A998DB}.Release|iPhoneSimulator.Deploy.0 = Release|Any CPU
		{FCAD588B-A0B8-4215-AE41-430989A998DB}.Release|x64.ActiveCfg = Release|Any CPU
		{FCAD588B-A0B8-4215-AE41-430989A998DB}.Release|x64.Build.0 = Release|Any CPU
		{FCAD588B-A0B8-4215-AE41-430989A998DB}.Release|x64.Deploy.0 = Release|Any CPU
		{FCAD588B-A0B8-4215-AE41-430989A998DB}.Release|x86.ActiveCfg = Release|Any CPU
		{FCAD588B-A0B8-4215-AE41-430989A998DB}.Release|x86.Build.0 = Release|Any CPU
		{FCAD588B-A0B8-4215-AE41-430989A998DB}.Release|x86.Deploy.0 = Release|Any CPU
		{02E8FE70-34B1-4258-8F5C-4F01F5DCAF9F}.Ad-Hoc|Any CPU.ActiveCfg = Release|Any CPU
		{02E8FE70-34B1-4258-8F5C-4F01F5DCAF9F}.Ad-Hoc|Any CPU.Build.0 = Release|Any CPU
		{02E8FE70-34B1-4258-8F5C-4F01F5DCAF9F}.Ad-Hoc|ARM.ActiveCfg = Release|Any CPU
		{02E8FE70-34B1-4258-8F5C-4F01F5DCAF9F}.Ad-Hoc|ARM.Build.0 = Release|Any CPU
		{02E8FE70-34B1-4258-8F5C-4F01F5DCAF9F}.Ad-Hoc|iPhone.ActiveCfg = Release|Any CPU
		{02E8FE70-34B1-4258-8F5C-4F01F5DCAF9F}.Ad-Hoc|iPhone.Build.0 = Release|Any CPU
		{02E8FE70-34B1-4258-8F5C-4F01F5DCAF9F}.Ad-Hoc|iPhoneSimulator.ActiveCfg = Release|Any CPU
		{02E8FE70-34B1-4258-8F5C-4F01F5DCAF9F}.Ad-Hoc|iPhoneSimulator.Build.0 = Release|Any CPU
		{02E8FE70-34B1-4258-8F5C-4F01F5DCAF9F}.Ad-Hoc|x64.ActiveCfg = Release|Any CPU
		{02E8FE70-34B1-4258-8F5C-4F01F5DCAF9F}.Ad-Hoc|x64.Build.0 = Release|Any CPU
		{02E8FE70-34B1-4258-8F5C-4F01F5DCAF9F}.Ad-Hoc|x86.ActiveCfg = Release|Any CPU
		{02E8FE70-34B1-4258-8F5C-4F01F5DCAF9F}.Ad-Hoc|x86.Build.0 = Release|Any CPU
		{02E8FE70-34B1-4258-8F5C-4F01F5DCAF9F}.AppStore|Any CPU.ActiveCfg = Release|Any CPU
		{02E8FE70-34B1-4258-8F5C-4F01F5DCAF9F}.AppStore|Any CPU.Build.0 = Release|Any CPU
		{02E8FE70-34B1-4258-8F5C-4F01F5DCAF9F}.AppStore|ARM.ActiveCfg = Release|Any CPU
		{02E8FE70-34B1-4258-8F5C-4F01F5DCAF9F}.AppStore|ARM.Build.0 = Release|Any CPU
		{02E8FE70-34B1-4258-8F5C-4F01F5DCAF9F}.AppStore|iPhone.ActiveCfg = Release|Any CPU
		{02E8FE70-34B1-4258-8F5C-4F01F5DCAF9F}.AppStore|iPhone.Build.0 = Release|Any CPU
		{02E8FE70-34B1-4258-8F5C-4F01F5DCAF9F}.AppStore|iPhoneSimulator.ActiveCfg = Release|Any CPU
		{02E8FE70-34B1-4258-8F5C-4F01F5DCAF9F}.AppStore|iPhoneSimulator.Build.0 = Release|Any CPU
		{02E8FE70-34B1-4258-8F5C-4F01F5DCAF9F}.AppStore|x64.ActiveCfg = Release|Any CPU
		{02E8FE70-34B1-4258-8F5C-4F01F5DCAF9F}.AppStore|x64.Build.0 = Release|Any CPU
		{02E8FE70-34B1-4258-8F5C-4F01F5DCAF9F}.AppStore|x86.ActiveCfg = Release|Any CPU
		{02E8FE70-34B1-4258-8F5C-4F01F5DCAF9F}.AppStore|x86.Build.0 = Release|Any CPU
		{02E8FE70-34B1-4258-8F5C-4F01F5DCAF9F}.Debug|Any CPU.ActiveCfg = Debug|Any CPU
		{02E8FE70-34B1-4258-8F5C-4F01F5DCAF9F}.Debug|Any CPU.Build.0 = Debug|Any CPU
		{02E8FE70-34B1-4258-8F5C-4F01F5DCAF9F}.Debug|ARM.ActiveCfg = Debug|Any CPU
		{02E8FE70-34B1-4258-8F5C-4F01F5DCAF9F}.Debug|ARM.Build.0 = Debug|Any CPU
		{02E8FE70-34B1-4258-8F5C-4F01F5DCAF9F}.Debug|iPhone.ActiveCfg = Debug|Any CPU
		{02E8FE70-34B1-4258-8F5C-4F01F5DCAF9F}.Debug|iPhone.Build.0 = Debug|Any CPU
		{02E8FE70-34B1-4258-8F5C-4F01F5DCAF9F}.Debug|iPhoneSimulator.ActiveCfg = Debug|Any CPU
		{02E8FE70-34B1-4258-8F5C-4F01F5DCAF9F}.Debug|iPhoneSimulator.Build.0 = Debug|Any CPU
		{02E8FE70-34B1-4258-8F5C-4F01F5DCAF9F}.Debug|x64.ActiveCfg = Debug|Any CPU
		{02E8FE70-34B1-4258-8F5C-4F01F5DCAF9F}.Debug|x64.Build.0 = Debug|Any CPU
		{02E8FE70-34B1-4258-8F5C-4F01F5DCAF9F}.Debug|x86.ActiveCfg = Debug|Any CPU
		{02E8FE70-34B1-4258-8F5C-4F01F5DCAF9F}.Debug|x86.Build.0 = Debug|Any CPU
		{02E8FE70-34B1-4258-8F5C-4F01F5DCAF9F}.Release|Any CPU.ActiveCfg = Release|Any CPU
		{02E8FE70-34B1-4258-8F5C-4F01F5DCAF9F}.Release|Any CPU.Build.0 = Release|Any CPU
		{02E8FE70-34B1-4258-8F5C-4F01F5DCAF9F}.Release|ARM.ActiveCfg = Release|Any CPU
		{02E8FE70-34B1-4258-8F5C-4F01F5DCAF9F}.Release|ARM.Build.0 = Release|Any CPU
		{02E8FE70-34B1-4258-8F5C-4F01F5DCAF9F}.Release|iPhone.ActiveCfg = Release|Any CPU
		{02E8FE70-34B1-4258-8F5C-4F01F5DCAF9F}.Release|iPhone.Build.0 = Release|Any CPU
		{02E8FE70-34B1-4258-8F5C-4F01F5DCAF9F}.Release|iPhoneSimulator.ActiveCfg = Release|Any CPU
		{02E8FE70-34B1-4258-8F5C-4F01F5DCAF9F}.Release|iPhoneSimulator.Build.0 = Release|Any CPU
		{02E8FE70-34B1-4258-8F5C-4F01F5DCAF9F}.Release|x64.ActiveCfg = Release|Any CPU
		{02E8FE70-34B1-4258-8F5C-4F01F5DCAF9F}.Release|x64.Build.0 = Release|Any CPU
		{02E8FE70-34B1-4258-8F5C-4F01F5DCAF9F}.Release|x86.ActiveCfg = Release|Any CPU
		{02E8FE70-34B1-4258-8F5C-4F01F5DCAF9F}.Release|x86.Build.0 = Release|Any CPU
		{45A87176-7EDD-4AE6-BD6E-A8A5F5CDD900}.Ad-Hoc|Any CPU.ActiveCfg = Release|x86
		{45A87176-7EDD-4AE6-BD6E-A8A5F5CDD900}.Ad-Hoc|Any CPU.Build.0 = Release|x86
		{45A87176-7EDD-4AE6-BD6E-A8A5F5CDD900}.Ad-Hoc|Any CPU.Deploy.0 = Release|x86
		{45A87176-7EDD-4AE6-BD6E-A8A5F5CDD900}.Ad-Hoc|ARM.ActiveCfg = Release|ARM
		{45A87176-7EDD-4AE6-BD6E-A8A5F5CDD900}.Ad-Hoc|ARM.Build.0 = Release|ARM
		{45A87176-7EDD-4AE6-BD6E-A8A5F5CDD900}.Ad-Hoc|ARM.Deploy.0 = Release|ARM
		{45A87176-7EDD-4AE6-BD6E-A8A5F5CDD900}.Ad-Hoc|iPhone.ActiveCfg = Release|x86
		{45A87176-7EDD-4AE6-BD6E-A8A5F5CDD900}.Ad-Hoc|iPhone.Build.0 = Release|x86
		{45A87176-7EDD-4AE6-BD6E-A8A5F5CDD900}.Ad-Hoc|iPhone.Deploy.0 = Release|x86
		{45A87176-7EDD-4AE6-BD6E-A8A5F5CDD900}.Ad-Hoc|iPhoneSimulator.ActiveCfg = Release|x86
		{45A87176-7EDD-4AE6-BD6E-A8A5F5CDD900}.Ad-Hoc|iPhoneSimulator.Build.0 = Release|x86
		{45A87176-7EDD-4AE6-BD6E-A8A5F5CDD900}.Ad-Hoc|iPhoneSimulator.Deploy.0 = Release|x86
		{45A87176-7EDD-4AE6-BD6E-A8A5F5CDD900}.Ad-Hoc|x64.ActiveCfg = Release|x64
		{45A87176-7EDD-4AE6-BD6E-A8A5F5CDD900}.Ad-Hoc|x64.Build.0 = Release|x64
		{45A87176-7EDD-4AE6-BD6E-A8A5F5CDD900}.Ad-Hoc|x64.Deploy.0 = Release|x64
		{45A87176-7EDD-4AE6-BD6E-A8A5F5CDD900}.Ad-Hoc|x86.ActiveCfg = Release|x86
		{45A87176-7EDD-4AE6-BD6E-A8A5F5CDD900}.Ad-Hoc|x86.Build.0 = Release|x86
		{45A87176-7EDD-4AE6-BD6E-A8A5F5CDD900}.Ad-Hoc|x86.Deploy.0 = Release|x86
		{45A87176-7EDD-4AE6-BD6E-A8A5F5CDD900}.AppStore|Any CPU.ActiveCfg = Release|x86
		{45A87176-7EDD-4AE6-BD6E-A8A5F5CDD900}.AppStore|Any CPU.Build.0 = Release|x86
		{45A87176-7EDD-4AE6-BD6E-A8A5F5CDD900}.AppStore|Any CPU.Deploy.0 = Release|x86
		{45A87176-7EDD-4AE6-BD6E-A8A5F5CDD900}.AppStore|ARM.ActiveCfg = Release|ARM
		{45A87176-7EDD-4AE6-BD6E-A8A5F5CDD900}.AppStore|ARM.Build.0 = Release|ARM
		{45A87176-7EDD-4AE6-BD6E-A8A5F5CDD900}.AppStore|ARM.Deploy.0 = Release|ARM
		{45A87176-7EDD-4AE6-BD6E-A8A5F5CDD900}.AppStore|iPhone.ActiveCfg = Release|x86
		{45A87176-7EDD-4AE6-BD6E-A8A5F5CDD900}.AppStore|iPhone.Build.0 = Release|x86
		{45A87176-7EDD-4AE6-BD6E-A8A5F5CDD900}.AppStore|iPhone.Deploy.0 = Release|x86
		{45A87176-7EDD-4AE6-BD6E-A8A5F5CDD900}.AppStore|iPhoneSimulator.ActiveCfg = Release|x86
		{45A87176-7EDD-4AE6-BD6E-A8A5F5CDD900}.AppStore|iPhoneSimulator.Build.0 = Release|x86
		{45A87176-7EDD-4AE6-BD6E-A8A5F5CDD900}.AppStore|iPhoneSimulator.Deploy.0 = Release|x86
		{45A87176-7EDD-4AE6-BD6E-A8A5F5CDD900}.AppStore|x64.ActiveCfg = Release|x64
		{45A87176-7EDD-4AE6-BD6E-A8A5F5CDD900}.AppStore|x64.Build.0 = Release|x64
		{45A87176-7EDD-4AE6-BD6E-A8A5F5CDD900}.AppStore|x64.Deploy.0 = Release|x64
		{45A87176-7EDD-4AE6-BD6E-A8A5F5CDD900}.AppStore|x86.ActiveCfg = Release|x86
		{45A87176-7EDD-4AE6-BD6E-A8A5F5CDD900}.AppStore|x86.Build.0 = Release|x86
		{45A87176-7EDD-4AE6-BD6E-A8A5F5CDD900}.AppStore|x86.Deploy.0 = Release|x86
		{45A87176-7EDD-4AE6-BD6E-A8A5F5CDD900}.Debug|Any CPU.ActiveCfg = Debug|x86
		{45A87176-7EDD-4AE6-BD6E-A8A5F5CDD900}.Debug|ARM.ActiveCfg = Debug|ARM
		{45A87176-7EDD-4AE6-BD6E-A8A5F5CDD900}.Debug|ARM.Build.0 = Debug|ARM
		{45A87176-7EDD-4AE6-BD6E-A8A5F5CDD900}.Debug|ARM.Deploy.0 = Debug|ARM
		{45A87176-7EDD-4AE6-BD6E-A8A5F5CDD900}.Debug|iPhone.ActiveCfg = Debug|x86
		{45A87176-7EDD-4AE6-BD6E-A8A5F5CDD900}.Debug|iPhoneSimulator.ActiveCfg = Debug|x86
		{45A87176-7EDD-4AE6-BD6E-A8A5F5CDD900}.Debug|x64.ActiveCfg = Debug|x64
		{45A87176-7EDD-4AE6-BD6E-A8A5F5CDD900}.Debug|x64.Build.0 = Debug|x64
		{45A87176-7EDD-4AE6-BD6E-A8A5F5CDD900}.Debug|x64.Deploy.0 = Debug|x64
		{45A87176-7EDD-4AE6-BD6E-A8A5F5CDD900}.Debug|x86.ActiveCfg = Debug|x86
		{45A87176-7EDD-4AE6-BD6E-A8A5F5CDD900}.Debug|x86.Build.0 = Debug|x86
		{45A87176-7EDD-4AE6-BD6E-A8A5F5CDD900}.Debug|x86.Deploy.0 = Debug|x86
		{45A87176-7EDD-4AE6-BD6E-A8A5F5CDD900}.Release|Any CPU.ActiveCfg = Release|x86
		{45A87176-7EDD-4AE6-BD6E-A8A5F5CDD900}.Release|ARM.ActiveCfg = Release|ARM
		{45A87176-7EDD-4AE6-BD6E-A8A5F5CDD900}.Release|ARM.Build.0 = Release|ARM
		{45A87176-7EDD-4AE6-BD6E-A8A5F5CDD900}.Release|ARM.Deploy.0 = Release|ARM
		{45A87176-7EDD-4AE6-BD6E-A8A5F5CDD900}.Release|iPhone.ActiveCfg = Release|x86
		{45A87176-7EDD-4AE6-BD6E-A8A5F5CDD900}.Release|iPhoneSimulator.ActiveCfg = Release|x86
		{45A87176-7EDD-4AE6-BD6E-A8A5F5CDD900}.Release|x64.ActiveCfg = Release|x64
		{45A87176-7EDD-4AE6-BD6E-A8A5F5CDD900}.Release|x64.Build.0 = Release|x64
		{45A87176-7EDD-4AE6-BD6E-A8A5F5CDD900}.Release|x64.Deploy.0 = Release|x64
		{45A87176-7EDD-4AE6-BD6E-A8A5F5CDD900}.Release|x86.ActiveCfg = Release|x86
		{45A87176-7EDD-4AE6-BD6E-A8A5F5CDD900}.Release|x86.Build.0 = Release|x86
		{45A87176-7EDD-4AE6-BD6E-A8A5F5CDD900}.Release|x86.Deploy.0 = Release|x86
		{002A6519-0B76-4E9B-BDFC-21E05AB78C51}.Ad-Hoc|Any CPU.ActiveCfg = Ad-Hoc|iPhoneSimulator
		{002A6519-0B76-4E9B-BDFC-21E05AB78C51}.Ad-Hoc|ARM.ActiveCfg = Ad-Hoc|iPhone
		{002A6519-0B76-4E9B-BDFC-21E05AB78C51}.Ad-Hoc|iPhone.ActiveCfg = Ad-Hoc|iPhone
		{002A6519-0B76-4E9B-BDFC-21E05AB78C51}.Ad-Hoc|iPhone.Build.0 = Ad-Hoc|iPhone
		{002A6519-0B76-4E9B-BDFC-21E05AB78C51}.Ad-Hoc|iPhoneSimulator.ActiveCfg = Ad-Hoc|iPhoneSimulator
		{002A6519-0B76-4E9B-BDFC-21E05AB78C51}.Ad-Hoc|iPhoneSimulator.Build.0 = Ad-Hoc|iPhoneSimulator
		{002A6519-0B76-4E9B-BDFC-21E05AB78C51}.Ad-Hoc|x64.ActiveCfg = Ad-Hoc|iPhone
		{002A6519-0B76-4E9B-BDFC-21E05AB78C51}.Ad-Hoc|x86.ActiveCfg = Ad-Hoc|iPhone
		{002A6519-0B76-4E9B-BDFC-21E05AB78C51}.AppStore|Any CPU.ActiveCfg = AppStore|iPhoneSimulator
		{002A6519-0B76-4E9B-BDFC-21E05AB78C51}.AppStore|ARM.ActiveCfg = AppStore|iPhone
		{002A6519-0B76-4E9B-BDFC-21E05AB78C51}.AppStore|iPhone.ActiveCfg = AppStore|iPhone
		{002A6519-0B76-4E9B-BDFC-21E05AB78C51}.AppStore|iPhone.Build.0 = AppStore|iPhone
		{002A6519-0B76-4E9B-BDFC-21E05AB78C51}.AppStore|iPhoneSimulator.ActiveCfg = AppStore|iPhoneSimulator
		{002A6519-0B76-4E9B-BDFC-21E05AB78C51}.AppStore|iPhoneSimulator.Build.0 = AppStore|iPhoneSimulator
		{002A6519-0B76-4E9B-BDFC-21E05AB78C51}.AppStore|x64.ActiveCfg = AppStore|iPhone
		{002A6519-0B76-4E9B-BDFC-21E05AB78C51}.AppStore|x86.ActiveCfg = AppStore|iPhone
		{002A6519-0B76-4E9B-BDFC-21E05AB78C51}.Debug|Any CPU.ActiveCfg = Debug|iPhoneSimulator
		{002A6519-0B76-4E9B-BDFC-21E05AB78C51}.Debug|ARM.ActiveCfg = Debug|iPhone
		{002A6519-0B76-4E9B-BDFC-21E05AB78C51}.Debug|iPhone.ActiveCfg = Debug|iPhone
		{002A6519-0B76-4E9B-BDFC-21E05AB78C51}.Debug|iPhone.Build.0 = Debug|iPhone
		{002A6519-0B76-4E9B-BDFC-21E05AB78C51}.Debug|iPhoneSimulator.ActiveCfg = Debug|iPhoneSimulator
		{002A6519-0B76-4E9B-BDFC-21E05AB78C51}.Debug|iPhoneSimulator.Build.0 = Debug|iPhoneSimulator
		{002A6519-0B76-4E9B-BDFC-21E05AB78C51}.Debug|x64.ActiveCfg = Debug|iPhone
		{002A6519-0B76-4E9B-BDFC-21E05AB78C51}.Debug|x86.ActiveCfg = Debug|iPhone
		{002A6519-0B76-4E9B-BDFC-21E05AB78C51}.Release|Any CPU.ActiveCfg = Release|iPhoneSimulator
		{002A6519-0B76-4E9B-BDFC-21E05AB78C51}.Release|ARM.ActiveCfg = Release|iPhone
		{002A6519-0B76-4E9B-BDFC-21E05AB78C51}.Release|iPhone.ActiveCfg = Release|iPhone
		{002A6519-0B76-4E9B-BDFC-21E05AB78C51}.Release|iPhone.Build.0 = Release|iPhone
		{002A6519-0B76-4E9B-BDFC-21E05AB78C51}.Release|iPhoneSimulator.ActiveCfg = Release|iPhoneSimulator
		{002A6519-0B76-4E9B-BDFC-21E05AB78C51}.Release|iPhoneSimulator.Build.0 = Release|iPhoneSimulator
		{002A6519-0B76-4E9B-BDFC-21E05AB78C51}.Release|x64.ActiveCfg = Release|iPhone
		{002A6519-0B76-4E9B-BDFC-21E05AB78C51}.Release|x86.ActiveCfg = Release|iPhone
	EndGlobalSection
	GlobalSection(SolutionProperties) = preSolution
		HideSolutionNode = FALSE
	EndGlobalSection
	GlobalSection(ExtensibilityGlobals) = postSolution
		SolutionGuid = {0753EB6D-19EE-4B4E-9203-5C568F9171C9}
	EndGlobalSection
EndGlobal
